version = 1
revision = 1
requires-python = ">=3.12"

[[package]]
name = "cffi"
version = "1.17.1"
source = { registry = "https://pypi.org/simple" }
dependencies = [
    { name = "pycparser" },
]
sdist = { url = "https://files.pythonhosted.org/packages/fc/97/c783634659c2920c3fc70419e3af40972dbaf758daa229a7d6ea6135c90d/cffi-1.17.1.tar.gz", hash = "sha256:1c39c6016c32bc48dd54561950ebd6836e1670f2ae46128f67cf49e789c52824", size = 516621 }
wheels = [
    { url = "https://files.pythonhosted.org/packages/5a/84/e94227139ee5fb4d600a7a4927f322e1d4aea6fdc50bd3fca8493caba23f/cffi-1.17.1-cp312-cp312-macosx_10_9_x86_64.whl", hash = "sha256:805b4371bf7197c329fcb3ead37e710d1bca9da5d583f5073b799d5c5bd1eee4", size = 183178 },
    { url = "https://files.pythonhosted.org/packages/da/ee/fb72c2b48656111c4ef27f0f91da355e130a923473bf5ee75c5643d00cca/cffi-1.17.1-cp312-cp312-macosx_11_0_arm64.whl", hash = "sha256:733e99bc2df47476e3848417c5a4540522f234dfd4ef3ab7fafdf555b082ec0c", size = 178840 },
    { url = "https://files.pythonhosted.org/packages/cc/b6/db007700f67d151abadf508cbfd6a1884f57eab90b1bb985c4c8c02b0f28/cffi-1.17.1-cp312-cp312-manylinux_2_12_i686.manylinux2010_i686.manylinux_2_17_i686.manylinux2014_i686.whl", hash = "sha256:1257bdabf294dceb59f5e70c64a3e2f462c30c7ad68092d01bbbfb1c16b1ba36", size = 454803 },
    { url = "https://files.pythonhosted.org/packages/1a/df/f8d151540d8c200eb1c6fba8cd0dfd40904f1b0682ea705c36e6c2e97ab3/cffi-1.17.1-cp312-cp312-manylinux_2_17_aarch64.manylinux2014_aarch64.whl", hash = "sha256:da95af8214998d77a98cc14e3a3bd00aa191526343078b530ceb0bd710fb48a5", size = 478850 },
    { url = "https://files.pythonhosted.org/packages/28/c0/b31116332a547fd2677ae5b78a2ef662dfc8023d67f41b2a83f7c2aa78b1/cffi-1.17.1-cp312-cp312-manylinux_2_17_ppc64le.manylinux2014_ppc64le.whl", hash = "sha256:d63afe322132c194cf832bfec0dc69a99fb9bb6bbd550f161a49e9e855cc78ff", size = 485729 },
    { url = "https://files.pythonhosted.org/packages/91/2b/9a1ddfa5c7f13cab007a2c9cc295b70fbbda7cb10a286aa6810338e60ea1/cffi-1.17.1-cp312-cp312-manylinux_2_17_s390x.manylinux2014_s390x.whl", hash = "sha256:f79fc4fc25f1c8698ff97788206bb3c2598949bfe0fef03d299eb1b5356ada99", size = 471256 },
    { url = "https://files.pythonhosted.org/packages/b2/d5/da47df7004cb17e4955df6a43d14b3b4ae77737dff8bf7f8f333196717bf/cffi-1.17.1-cp312-cp312-manylinux_2_17_x86_64.manylinux2014_x86_64.whl", hash = "sha256:b62ce867176a75d03a665bad002af8e6d54644fad99a3c70905c543130e39d93", size = 479424 },
    { url = "https://files.pythonhosted.org/packages/0b/ac/2a28bcf513e93a219c8a4e8e125534f4f6db03e3179ba1c45e949b76212c/cffi-1.17.1-cp312-cp312-musllinux_1_1_aarch64.whl", hash = "sha256:386c8bf53c502fff58903061338ce4f4950cbdcb23e2902d86c0f722b786bbe3", size = 484568 },
    { url = "https://files.pythonhosted.org/packages/d4/38/ca8a4f639065f14ae0f1d9751e70447a261f1a30fa7547a828ae08142465/cffi-1.17.1-cp312-cp312-musllinux_1_1_x86_64.whl", hash = "sha256:4ceb10419a9adf4460ea14cfd6bc43d08701f0835e979bf821052f1805850fe8", size = 488736 },
    { url = "https://files.pythonhosted.org/packages/86/c5/28b2d6f799ec0bdecf44dced2ec5ed43e0eb63097b0f58c293583b406582/cffi-1.17.1-cp312-cp312-win32.whl", hash = "sha256:a08d7e755f8ed21095a310a693525137cfe756ce62d066e53f502a83dc550f65", size = 172448 },
    { url = "https://files.pythonhosted.org/packages/50/b9/db34c4755a7bd1cb2d1603ac3863f22bcecbd1ba29e5ee841a4bc510b294/cffi-1.17.1-cp312-cp312-win_amd64.whl", hash = "sha256:51392eae71afec0d0c8fb1a53b204dbb3bcabcb3c9b807eedf3e1e6ccf2de903", size = 181976 },
    { url = "https://files.pythonhosted.org/packages/8d/f8/dd6c246b148639254dad4d6803eb6a54e8c85c6e11ec9df2cffa87571dbe/cffi-1.17.1-cp313-cp313-macosx_10_13_x86_64.whl", hash = "sha256:f3a2b4222ce6b60e2e8b337bb9596923045681d71e5a082783484d845390938e", size = 182989 },
    { url = "https://files.pythonhosted.org/packages/8b/f1/672d303ddf17c24fc83afd712316fda78dc6fce1cd53011b839483e1ecc8/cffi-1.17.1-cp313-cp313-macosx_11_0_arm64.whl", hash = "sha256:0984a4925a435b1da406122d4d7968dd861c1385afe3b45ba82b750f229811e2", size = 178802 },
    { url = "https://files.pythonhosted.org/packages/0e/2d/eab2e858a91fdff70533cab61dcff4a1f55ec60425832ddfdc9cd36bc8af/cffi-1.17.1-cp313-cp313-manylinux_2_12_i686.manylinux2010_i686.manylinux_2_17_i686.manylinux2014_i686.whl", hash = "sha256:d01b12eeeb4427d3110de311e1774046ad344f5b1a7403101878976ecd7a10f3", size = 454792 },
    { url = "https://files.pythonhosted.org/packages/75/b2/fbaec7c4455c604e29388d55599b99ebcc250a60050610fadde58932b7ee/cffi-1.17.1-cp313-cp313-manylinux_2_17_aarch64.manylinux2014_aarch64.whl", hash = "sha256:706510fe141c86a69c8ddc029c7910003a17353970cff3b904ff0686a5927683", size = 478893 },
    { url = "https://files.pythonhosted.org/packages/4f/b7/6e4a2162178bf1935c336d4da8a9352cccab4d3a5d7914065490f08c0690/cffi-1.17.1-cp313-cp313-manylinux_2_17_ppc64le.manylinux2014_ppc64le.whl", hash = "sha256:de55b766c7aa2e2a3092c51e0483d700341182f08e67c63630d5b6f200bb28e5", size = 485810 },
    { url = "https://files.pythonhosted.org/packages/c7/8a/1d0e4a9c26e54746dc08c2c6c037889124d4f59dffd853a659fa545f1b40/cffi-1.17.1-cp313-cp313-manylinux_2_17_s390x.manylinux2014_s390x.whl", hash = "sha256:c59d6e989d07460165cc5ad3c61f9fd8f1b4796eacbd81cee78957842b834af4", size = 471200 },
    { url = "https://files.pythonhosted.org/packages/26/9f/1aab65a6c0db35f43c4d1b4f580e8df53914310afc10ae0397d29d697af4/cffi-1.17.1-cp313-cp313-manylinux_2_17_x86_64.manylinux2014_x86_64.whl", hash = "sha256:dd398dbc6773384a17fe0d3e7eeb8d1a21c2200473ee6806bb5e6a8e62bb73dd", size = 479447 },
    { url = "https://files.pythonhosted.org/packages/5f/e4/fb8b3dd8dc0e98edf1135ff067ae070bb32ef9d509d6cb0f538cd6f7483f/cffi-1.17.1-cp313-cp313-musllinux_1_1_aarch64.whl", hash = "sha256:3edc8d958eb099c634dace3c7e16560ae474aa3803a5df240542b305d14e14ed", size = 484358 },
    { url = "https://files.pythonhosted.org/packages/f1/47/d7145bf2dc04684935d57d67dff9d6d795b2ba2796806bb109864be3a151/cffi-1.17.1-cp313-cp313-musllinux_1_1_x86_64.whl", hash = "sha256:72e72408cad3d5419375fc87d289076ee319835bdfa2caad331e377589aebba9", size = 488469 },
    { url = "https://files.pythonhosted.org/packages/bf/ee/f94057fa6426481d663b88637a9a10e859e492c73d0384514a17d78ee205/cffi-1.17.1-cp313-cp313-win32.whl", hash = "sha256:e03eab0a8677fa80d646b5ddece1cbeaf556c313dcfac435ba11f107ba117b5d", size = 172475 },
    { url = "https://files.pythonhosted.org/packages/7c/fc/6a8cb64e5f0324877d503c854da15d76c1e50eb722e320b15345c4d0c6de/cffi-1.17.1-cp313-cp313-win_amd64.whl", hash = "sha256:f6a16c31041f09ead72d69f583767292f750d24913dadacf5756b966aacb3f1a", size = 182009 },
]

[[package]]
name = "colorama"
version = "0.4.6"
source = { registry = "https://pypi.org/simple" }
sdist = { url = "https://files.pythonhosted.org/packages/d8/53/6f443c9a4a8358a93a6792e2acffb9d9d5cb0a5cfd8802644b7b1c9a02e4/colorama-0.4.6.tar.gz", hash = "sha256:08695f5cb7ed6e0531a20572697297273c47b8cae5a63ffc6d6ed5c201be6e44", size = 27697 }
wheels = [
    { url = "https://files.pythonhosted.org/packages/d1/d6/3965ed04c63042e047cb6a3e6ed1a63a35087b6a609aa3a15ed8ac56c221/colorama-0.4.6-py2.py3-none-any.whl", hash = "sha256:4f1d9991f5acc0ca119f9d443620b77f9d6b33703e51011c16baf57afb285fc6", size = 25335 },
]

[[package]]
name = "iniconfig"
version = "2.1.0"
source = { registry = "https://pypi.org/simple" }
sdist = { url = "https://files.pythonhosted.org/packages/f2/97/ebf4da567aa6827c909642694d71c9fcf53e5b504f2d96afea02718862f3/iniconfig-2.1.0.tar.gz", hash = "sha256:3abbd2e30b36733fee78f9c7f7308f2d0050e88f0087fd25c2645f63c773e1c7", size = 4793 }
wheels = [
    { url = "https://files.pythonhosted.org/packages/2c/e1/e6716421ea10d38022b952c159d5161ca1193197fb744506875fbb87ea7b/iniconfig-2.1.0-py3-none-any.whl", hash = "sha256:9deba5723312380e77435581c6bf4935c94cbfab9b1ed33ef8d238ea168eb760", size = 6050 },
]

[[package]]
name = "numpy"
version = "2.3.2"
source = { registry = "https://pypi.org/simple" }
sdist = { url = "https://files.pythonhosted.org/packages/37/7d/3fec4199c5ffb892bed55cff901e4f39a58c81df9c44c280499e92cad264/numpy-2.3.2.tar.gz", hash = "sha256:e0486a11ec30cdecb53f184d496d1c6a20786c81e55e41640270130056f8ee48", size = 20489306 }
wheels = [
    { url = "https://files.pythonhosted.org/packages/00/6d/745dd1c1c5c284d17725e5c802ca4d45cfc6803519d777f087b71c9f4069/numpy-2.3.2-cp312-cp312-macosx_10_13_x86_64.whl", hash = "sha256:bc3186bea41fae9d8e90c2b4fb5f0a1f5a690682da79b92574d63f56b529080b", size = 20956420 },
    { url = "https://files.pythonhosted.org/packages/bc/96/e7b533ea5740641dd62b07a790af5d9d8fec36000b8e2d0472bd7574105f/numpy-2.3.2-cp312-cp312-macosx_11_0_arm64.whl", hash = "sha256:2f4f0215edb189048a3c03bd5b19345bdfa7b45a7a6f72ae5945d2a28272727f", size = 14184660 },
    { url = "https://files.pythonhosted.org/packages/2b/53/102c6122db45a62aa20d1b18c9986f67e6b97e0d6fbc1ae13e3e4c84430c/numpy-2.3.2-cp312-cp312-macosx_14_0_arm64.whl", hash = "sha256:8b1224a734cd509f70816455c3cffe13a4f599b1bf7130f913ba0e2c0b2006c0", size = 5113382 },
    { url = "https://files.pythonhosted.org/packages/2b/21/376257efcbf63e624250717e82b4fae93d60178f09eb03ed766dbb48ec9c/numpy-2.3.2-cp312-cp312-macosx_14_0_x86_64.whl", hash = "sha256:3dcf02866b977a38ba3ec10215220609ab9667378a9e2150615673f3ffd6c73b", size = 6647258 },
    { url = "https://files.pythonhosted.org/packages/91/ba/f4ebf257f08affa464fe6036e13f2bf9d4642a40228781dc1235da81be9f/numpy-2.3.2-cp312-cp312-manylinux_2_27_aarch64.manylinux_2_28_aarch64.whl", hash = "sha256:572d5512df5470f50ada8d1972c5f1082d9a0b7aa5944db8084077570cf98370", size = 14281409 },
    { url = "https://files.pythonhosted.org/packages/59/ef/f96536f1df42c668cbacb727a8c6da7afc9c05ece6d558927fb1722693e1/numpy-2.3.2-cp312-cp312-manylinux_2_27_x86_64.manylinux_2_28_x86_64.whl", hash = "sha256:8145dd6d10df13c559d1e4314df29695613575183fa2e2d11fac4c208c8a1f73", size = 16641317 },
    { url = "https://files.pythonhosted.org/packages/f6/a7/af813a7b4f9a42f498dde8a4c6fcbff8100eed00182cc91dbaf095645f38/numpy-2.3.2-cp312-cp312-musllinux_1_2_aarch64.whl", hash = "sha256:103ea7063fa624af04a791c39f97070bf93b96d7af7eb23530cd087dc8dbe9dc", size = 16056262 },
    { url = "https://files.pythonhosted.org/packages/8b/5d/41c4ef8404caaa7f05ed1cfb06afe16a25895260eacbd29b4d84dff2920b/numpy-2.3.2-cp312-cp312-musllinux_1_2_x86_64.whl", hash = "sha256:fc927d7f289d14f5e037be917539620603294454130b6de200091e23d27dc9be", size = 18579342 },
    { url = "https://files.pythonhosted.org/packages/a1/4f/9950e44c5a11636f4a3af6e825ec23003475cc9a466edb7a759ed3ea63bd/numpy-2.3.2-cp312-cp312-win32.whl", hash = "sha256:d95f59afe7f808c103be692175008bab926b59309ade3e6d25009e9a171f7036", size = 6320610 },
    { url = "https://files.pythonhosted.org/packages/7c/2f/244643a5ce54a94f0a9a2ab578189c061e4a87c002e037b0829dd77293b6/numpy-2.3.2-cp312-cp312-win_amd64.whl", hash = "sha256:9e196ade2400c0c737d93465327d1ae7c06c7cb8a1756121ebf54b06ca183c7f", size = 12786292 },
    { url = "https://files.pythonhosted.org/packages/54/cd/7b5f49d5d78db7badab22d8323c1b6ae458fbf86c4fdfa194ab3cd4eb39b/numpy-2.3.2-cp312-cp312-win_arm64.whl", hash = "sha256:ee807923782faaf60d0d7331f5e86da7d5e3079e28b291973c545476c2b00d07", size = 10194071 },
    { url = "https://files.pythonhosted.org/packages/1c/c0/c6bb172c916b00700ed3bf71cb56175fd1f7dbecebf8353545d0b5519f6c/numpy-2.3.2-cp313-cp313-macosx_10_13_x86_64.whl", hash = "sha256:c8d9727f5316a256425892b043736d63e89ed15bbfe6556c5ff4d9d4448ff3b3", size = 20949074 },
    { url = "https://files.pythonhosted.org/packages/20/4e/c116466d22acaf4573e58421c956c6076dc526e24a6be0903219775d862e/numpy-2.3.2-cp313-cp313-macosx_11_0_arm64.whl", hash = "sha256:efc81393f25f14d11c9d161e46e6ee348637c0a1e8a54bf9dedc472a3fae993b", size = 14177311 },
    { url = "https://files.pythonhosted.org/packages/78/45/d4698c182895af189c463fc91d70805d455a227261d950e4e0f1310c2550/numpy-2.3.2-cp313-cp313-macosx_14_0_arm64.whl", hash = "sha256:dd937f088a2df683cbb79dda9a772b62a3e5a8a7e76690612c2737f38c6ef1b6", size = 5106022 },
    { url = "https://files.pythonhosted.org/packages/9f/76/3e6880fef4420179309dba72a8c11f6166c431cf6dee54c577af8906f914/numpy-2.3.2-cp313-cp313-macosx_14_0_x86_64.whl", hash = "sha256:11e58218c0c46c80509186e460d79fbdc9ca1eb8d8aee39d8f2dc768eb781089", size = 6640135 },
    { url = "https://files.pythonhosted.org/packages/34/fa/87ff7f25b3c4ce9085a62554460b7db686fef1e0207e8977795c7b7d7ba1/numpy-2.3.2-cp313-cp313-manylinux_2_27_aarch64.manylinux_2_28_aarch64.whl", hash = "sha256:5ad4ebcb683a1f99f4f392cc522ee20a18b2bb12a2c1c42c3d48d5a1adc9d3d2", size = 14278147 },
    { url = "https://files.pythonhosted.org/packages/1d/0f/571b2c7a3833ae419fe69ff7b479a78d313581785203cc70a8db90121b9a/numpy-2.3.2-cp313-cp313-manylinux_2_27_x86_64.manylinux_2_28_x86_64.whl", hash = "sha256:938065908d1d869c7d75d8ec45f735a034771c6ea07088867f713d1cd3bbbe4f", size = 16635989 },
    { url = "https://files.pythonhosted.org/packages/24/5a/84ae8dca9c9a4c592fe11340b36a86ffa9fd3e40513198daf8a97839345c/numpy-2.3.2-cp313-cp313-musllinux_1_2_aarch64.whl", hash = "sha256:66459dccc65d8ec98cc7df61307b64bf9e08101f9598755d42d8ae65d9a7a6ee", size = 16053052 },
    { url = "https://files.pythonhosted.org/packages/57/7c/e5725d99a9133b9813fcf148d3f858df98511686e853169dbaf63aec6097/numpy-2.3.2-cp313-cp313-musllinux_1_2_x86_64.whl", hash = "sha256:a7af9ed2aa9ec5950daf05bb11abc4076a108bd3c7db9aa7251d5f107079b6a6", size = 18577955 },
    { url = "https://files.pythonhosted.org/packages/ae/11/7c546fcf42145f29b71e4d6f429e96d8d68e5a7ba1830b2e68d7418f0bbd/numpy-2.3.2-cp313-cp313-win32.whl", hash = "sha256:906a30249315f9c8e17b085cc5f87d3f369b35fedd0051d4a84686967bdbbd0b", size = 6311843 },
    { url = "https://files.pythonhosted.org/packages/aa/6f/a428fd1cb7ed39b4280d057720fed5121b0d7754fd2a9768640160f5517b/numpy-2.3.2-cp313-cp313-win_amd64.whl", hash = "sha256:c63d95dc9d67b676e9108fe0d2182987ccb0f11933c1e8959f42fa0da8d4fa56", size = 12782876 },
    { url = "https://files.pythonhosted.org/packages/65/85/4ea455c9040a12595fb6c43f2c217257c7b52dd0ba332c6a6c1d28b289fe/numpy-2.3.2-cp313-cp313-win_arm64.whl", hash = "sha256:b05a89f2fb84d21235f93de47129dd4f11c16f64c87c33f5e284e6a3a54e43f2", size = 10192786 },
    { url = "https://files.pythonhosted.org/packages/80/23/8278f40282d10c3f258ec3ff1b103d4994bcad78b0cba9208317f6bb73da/numpy-2.3.2-cp313-cp313t-macosx_10_13_x86_64.whl", hash = "sha256:4e6ecfeddfa83b02318f4d84acf15fbdbf9ded18e46989a15a8b6995dfbf85ab", size = 21047395 },
    { url = "https://files.pythonhosted.org/packages/1f/2d/624f2ce4a5df52628b4ccd16a4f9437b37c35f4f8a50d00e962aae6efd7a/numpy-2.3.2-cp313-cp313t-macosx_11_0_arm64.whl", hash = "sha256:508b0eada3eded10a3b55725b40806a4b855961040180028f52580c4729916a2", size = 14300374 },
    { url = "https://files.pythonhosted.org/packages/f6/62/ff1e512cdbb829b80a6bd08318a58698867bca0ca2499d101b4af063ee97/numpy-2.3.2-cp313-cp313t-macosx_14_0_arm64.whl", hash = "sha256:754d6755d9a7588bdc6ac47dc4ee97867271b17cee39cb87aef079574366db0a", size = 5228864 },
    { url = "https://files.pythonhosted.org/packages/7d/8e/74bc18078fff03192d4032cfa99d5a5ca937807136d6f5790ce07ca53515/numpy-2.3.2-cp313-cp313t-macosx_14_0_x86_64.whl", hash = "sha256:a9f66e7d2b2d7712410d3bc5684149040ef5f19856f20277cd17ea83e5006286", size = 6737533 },
    { url = "https://files.pythonhosted.org/packages/19/ea/0731efe2c9073ccca5698ef6a8c3667c4cf4eea53fcdcd0b50140aba03bc/numpy-2.3.2-cp313-cp313t-manylinux_2_27_aarch64.manylinux_2_28_aarch64.whl", hash = "sha256:de6ea4e5a65d5a90c7d286ddff2b87f3f4ad61faa3db8dabe936b34c2275b6f8", size = 14352007 },
    { url = "https://files.pythonhosted.org/packages/cf/90/36be0865f16dfed20f4bc7f75235b963d5939707d4b591f086777412ff7b/numpy-2.3.2-cp313-cp313t-manylinux_2_27_x86_64.manylinux_2_28_x86_64.whl", hash = "sha256:a3ef07ec8cbc8fc9e369c8dcd52019510c12da4de81367d8b20bc692aa07573a", size = 16701914 },
    { url = "https://files.pythonhosted.org/packages/94/30/06cd055e24cb6c38e5989a9e747042b4e723535758e6153f11afea88c01b/numpy-2.3.2-cp313-cp313t-musllinux_1_2_aarch64.whl", hash = "sha256:27c9f90e7481275c7800dc9c24b7cc40ace3fdb970ae4d21eaff983a32f70c91", size = 16132708 },
    { url = "https://files.pythonhosted.org/packages/9a/14/ecede608ea73e58267fd7cb78f42341b3b37ba576e778a1a06baffbe585c/numpy-2.3.2-cp313-cp313t-musllinux_1_2_x86_64.whl", hash = "sha256:07b62978075b67eee4065b166d000d457c82a1efe726cce608b9db9dd66a73a5", size = 18651678 },
    { url = "https://files.pythonhosted.org/packages/40/f3/2fe6066b8d07c3685509bc24d56386534c008b462a488b7f503ba82b8923/numpy-2.3.2-cp313-cp313t-win32.whl", hash = "sha256:c771cfac34a4f2c0de8e8c97312d07d64fd8f8ed45bc9f5726a7e947270152b5", size = 6441832 },
    { url = "https://files.pythonhosted.org/packages/0b/ba/0937d66d05204d8f28630c9c60bc3eda68824abde4cf756c4d6aad03b0c6/numpy-2.3.2-cp313-cp313t-win_amd64.whl", hash = "sha256:72dbebb2dcc8305c431b2836bcc66af967df91be793d63a24e3d9b741374c450", size = 12927049 },
    { url = "https://files.pythonhosted.org/packages/e9/ed/13542dd59c104d5e654dfa2ac282c199ba64846a74c2c4bcdbc3a0f75df1/numpy-2.3.2-cp313-cp313t-win_arm64.whl", hash = "sha256:72c6df2267e926a6d5286b0a6d556ebe49eae261062059317837fda12ddf0c1a", size = 10262935 },
    { url = "https://files.pythonhosted.org/packages/c9/7c/7659048aaf498f7611b783e000c7268fcc4dcf0ce21cd10aad7b2e8f9591/numpy-2.3.2-cp314-cp314-macosx_10_13_x86_64.whl", hash = "sha256:448a66d052d0cf14ce9865d159bfc403282c9bc7bb2a31b03cc18b651eca8b1a", size = 20950906 },
    { url = "https://files.pythonhosted.org/packages/80/db/984bea9d4ddf7112a04cfdfb22b1050af5757864cfffe8e09e44b7f11a10/numpy-2.3.2-cp314-cp314-macosx_11_0_arm64.whl", hash = "sha256:546aaf78e81b4081b2eba1d105c3b34064783027a06b3ab20b6eba21fb64132b", size = 14185607 },
    { url = "https://files.pythonhosted.org/packages/e4/76/b3d6f414f4eca568f469ac112a3b510938d892bc5a6c190cb883af080b77/numpy-2.3.2-cp314-cp314-macosx_14_0_arm64.whl", hash = "sha256:87c930d52f45df092f7578889711a0768094debf73cfcde105e2d66954358125", size = 5114110 },
    { url = "https://files.pythonhosted.org/packages/9e/d2/6f5e6826abd6bca52392ed88fe44a4b52aacb60567ac3bc86c67834c3a56/numpy-2.3.2-cp314-cp314-macosx_14_0_x86_64.whl", hash = "sha256:8dc082ea901a62edb8f59713c6a7e28a85daddcb67454c839de57656478f5b19", size = 6642050 },
    { url = "https://files.pythonhosted.org/packages/c4/43/f12b2ade99199e39c73ad182f103f9d9791f48d885c600c8e05927865baf/numpy-2.3.2-cp314-cp314-manylinux_2_27_aarch64.manylinux_2_28_aarch64.whl", hash = "sha256:af58de8745f7fa9ca1c0c7c943616c6fe28e75d0c81f5c295810e3c83b5be92f", size = 14296292 },
    { url = "https://files.pythonhosted.org/packages/5d/f9/77c07d94bf110a916b17210fac38680ed8734c236bfed9982fd8524a7b47/numpy-2.3.2-cp314-cp314-manylinux_2_27_x86_64.manylinux_2_28_x86_64.whl", hash = "sha256:fed5527c4cf10f16c6d0b6bee1f89958bccb0ad2522c8cadc2efd318bcd545f5", size = 16638913 },
    { url = "https://files.pythonhosted.org/packages/9b/d1/9d9f2c8ea399cc05cfff8a7437453bd4e7d894373a93cdc46361bbb49a7d/numpy-2.3.2-cp314-cp314-musllinux_1_2_aarch64.whl", hash = "sha256:095737ed986e00393ec18ec0b21b47c22889ae4b0cd2d5e88342e08b01141f58", size = 16071180 },
    { url = "https://files.pythonhosted.org/packages/4c/41/82e2c68aff2a0c9bf315e47d61951099fed65d8cb2c8d9dc388cb87e947e/numpy-2.3.2-cp314-cp314-musllinux_1_2_x86_64.whl", hash = "sha256:b5e40e80299607f597e1a8a247ff8d71d79c5b52baa11cc1cce30aa92d2da6e0", size = 18576809 },
    { url = "https://files.pythonhosted.org/packages/14/14/4b4fd3efb0837ed252d0f583c5c35a75121038a8c4e065f2c259be06d2d8/numpy-2.3.2-cp314-cp314-win32.whl", hash = "sha256:7d6e390423cc1f76e1b8108c9b6889d20a7a1f59d9a60cac4a050fa734d6c1e2", size = 6366410 },
    { url = "https://files.pythonhosted.org/packages/11/9e/b4c24a6b8467b61aced5c8dc7dcfce23621baa2e17f661edb2444a418040/numpy-2.3.2-cp314-cp314-win_amd64.whl", hash = "sha256:b9d0878b21e3918d76d2209c924ebb272340da1fb51abc00f986c258cd5e957b", size = 12918821 },
    { url = "https://files.pythonhosted.org/packages/0e/0f/0dc44007c70b1007c1cef86b06986a3812dd7106d8f946c09cfa75782556/numpy-2.3.2-cp314-cp314-win_arm64.whl", hash = "sha256:2738534837c6a1d0c39340a190177d7d66fdf432894f469728da901f8f6dc910", size = 10477303 },
    { url = "https://files.pythonhosted.org/packages/8b/3e/075752b79140b78ddfc9c0a1634d234cfdbc6f9bbbfa6b7504e445ad7d19/numpy-2.3.2-cp314-cp314t-macosx_10_13_x86_64.whl", hash = "sha256:4d002ecf7c9b53240be3bb69d80f86ddbd34078bae04d87be81c1f58466f264e", size = 21047524 },
    { url = "https://files.pythonhosted.org/packages/fe/6d/60e8247564a72426570d0e0ea1151b95ce5bd2f1597bb878a18d32aec855/numpy-2.3.2-cp314-cp314t-macosx_11_0_arm64.whl", hash = "sha256:293b2192c6bcce487dbc6326de5853787f870aeb6c43f8f9c6496db5b1781e45", size = 14300519 },
    { url = "https://files.pythonhosted.org/packages/4d/73/d8326c442cd428d47a067070c3ac6cc3b651a6e53613a1668342a12d4479/numpy-2.3.2-cp314-cp314t-macosx_14_0_arm64.whl", hash = "sha256:0a4f2021a6da53a0d580d6ef5db29947025ae8b35b3250141805ea9a32bbe86b", size = 5228972 },
    { url = "https://files.pythonhosted.org/packages/34/2e/e71b2d6dad075271e7079db776196829019b90ce3ece5c69639e4f6fdc44/numpy-2.3.2-cp314-cp314t-macosx_14_0_x86_64.whl", hash = "sha256:9c144440db4bf3bb6372d2c3e49834cc0ff7bb4c24975ab33e01199e645416f2", size = 6737439 },
    { url = "https://files.pythonhosted.org/packages/15/b0/d004bcd56c2c5e0500ffc65385eb6d569ffd3363cb5e593ae742749b2daa/numpy-2.3.2-cp314-cp314t-manylinux_2_27_aarch64.manylinux_2_28_aarch64.whl", hash = "sha256:f92d6c2a8535dc4fe4419562294ff957f83a16ebdec66df0805e473ffaad8bd0", size = 14352479 },
    { url = "https://files.pythonhosted.org/packages/11/e3/285142fcff8721e0c99b51686426165059874c150ea9ab898e12a492e291/numpy-2.3.2-cp314-cp314t-manylinux_2_27_x86_64.manylinux_2_28_x86_64.whl", hash = "sha256:cefc2219baa48e468e3db7e706305fcd0c095534a192a08f31e98d83a7d45fb0", size = 16702805 },
    { url = "https://files.pythonhosted.org/packages/33/c3/33b56b0e47e604af2c7cd065edca892d180f5899599b76830652875249a3/numpy-2.3.2-cp314-cp314t-musllinux_1_2_aarch64.whl", hash = "sha256:76c3e9501ceb50b2ff3824c3589d5d1ab4ac857b0ee3f8f49629d0de55ecf7c2", size = 16133830 },
    { url = "https://files.pythonhosted.org/packages/6e/ae/7b1476a1f4d6a48bc669b8deb09939c56dd2a439db1ab03017844374fb67/numpy-2.3.2-cp314-cp314t-musllinux_1_2_x86_64.whl", hash = "sha256:122bf5ed9a0221b3419672493878ba4967121514b1d7d4656a7580cd11dddcbf", size = 18652665 },
    { url = "https://files.pythonhosted.org/packages/14/ba/5b5c9978c4bb161034148ade2de9db44ec316fab89ce8c400db0e0c81f86/numpy-2.3.2-cp314-cp314t-win32.whl", hash = "sha256:6f1ae3dcb840edccc45af496f312528c15b1f79ac318169d094e85e4bb35fdf1", size = 6514777 },
    { url = "https://files.pythonhosted.org/packages/eb/46/3dbaf0ae7c17cdc46b9f662c56da2054887b8d9e737c1476f335c83d33db/numpy-2.3.2-cp314-cp314t-win_amd64.whl", hash = "sha256:087ffc25890d89a43536f75c5fe8770922008758e8eeeef61733957041ed2f9b", size = 13111856 },
    { url = "https://files.pythonhosted.org/packages/c1/9e/1652778bce745a67b5fe05adde60ed362d38eb17d919a540e813d30f6874/numpy-2.3.2-cp314-cp314t-win_arm64.whl", hash = "sha256:092aeb3449833ea9c0bf0089d70c29ae480685dd2377ec9cdbbb620257f84631", size = 10544226 },
]

[[package]]
name = "packaging"
version = "25.0"
source = { registry = "https://pypi.org/simple" }
sdist = { url = "https://files.pythonhosted.org/packages/a1/d4/1fc4078c65507b51b96ca8f8c3ba19e6a61c8253c72794544580a7b6c24d/packaging-25.0.tar.gz", hash = "sha256:d443872c98d677bf60f6a1f2f8c1cb748e8fe762d2bf9d3148b5599295b0fc4f", size = 165727 }
wheels = [
    { url = "https://files.pythonhosted.org/packages/20/12/38679034af332785aac8774540895e234f4d07f7545804097de4b666afd8/packaging-25.0-py3-none-any.whl", hash = "sha256:29572ef2b1f17581046b3a2227d5c611fb25ec70ca1ba8554b24b0e69331a484", size = 66469 },
]

[[package]]
name = "pluggy"
version = "1.6.0"
source = { registry = "https://pypi.org/simple" }
sdist = { url = "https://files.pythonhosted.org/packages/f9/e2/3e91f31a7d2b083fe6ef3fa267035b518369d9511ffab804f839851d2779/pluggy-1.6.0.tar.gz", hash = "sha256:7dcc130b76258d33b90f61b658791dede3486c3e6bfb003ee5c9bfb396dd22f3", size = 69412 }
wheels = [
    { url = "https://files.pythonhosted.org/packages/54/20/4d324d65cc6d9205fabedc306948156824eb9f0ee1633355a8f7ec5c66bf/pluggy-1.6.0-py3-none-any.whl", hash = "sha256:e920276dd6813095e9377c0bc5566d94c932c33b27a3e3945d8389c374dd4746", size = 20538 },
]

[[package]]
name = "pycparser"
version = "2.22"
source = { registry = "https://pypi.org/simple" }
sdist = { url = "https://files.pythonhosted.org/packages/1d/b2/31537cf4b1ca988837256c910a668b553fceb8f069bedc4b1c826024b52c/pycparser-2.22.tar.gz", hash = "sha256:491c8be9c040f5390f5bf44a5b07752bd07f56edf992381b05c701439eec10f6", size = 172736 }
wheels = [
    { url = "https://files.pythonhosted.org/packages/13/a3/a812df4e2dd5696d1f351d58b8fe16a405b234ad2886a0dab9183fb78109/pycparser-2.22-py3-none-any.whl", hash = "sha256:c3702b6d3dd8c7abc1afa565d7e63d53a1d0bd86cdc24edd75470f4de499cfcc", size = 117552 },
]

[[package]]
name = "pygments"
version = "2.19.2"
source = { registry = "https://pypi.org/simple" }
sdist = { url = "https://files.pythonhosted.org/packages/b0/77/a5b8c569bf593b0140bde72ea885a803b82086995367bf2037de0159d924/pygments-2.19.2.tar.gz", hash = "sha256:636cb2477cec7f8952536970bc533bc43743542f70392ae026374600add5b887", size = 4968631 }
wheels = [
    { url = "https://files.pythonhosted.org/packages/c7/21/705964c7812476f378728bdf590ca4b771ec72385c533964653c68e86bdc/pygments-2.19.2-py3-none-any.whl", hash = "sha256:86540386c03d588bb81d44bc3928634ff26449851e99741617ecb9037ee5ec0b", size = 1225217 },
]

[[package]]
name = "pytest"
version = "8.4.1"
source = { registry = "https://pypi.org/simple" }
dependencies = [
    { name = "colorama", marker = "sys_platform == 'win32'" },
    { name = "iniconfig" },
    { name = "packaging" },
    { name = "pluggy" },
    { name = "pygments" },
]
sdist = { url = "https://files.pythonhosted.org/packages/08/ba/45911d754e8eba3d5a841a5ce61a65a685ff1798421ac054f85aa8747dfb/pytest-8.4.1.tar.gz", hash = "sha256:7c67fd69174877359ed9371ec3af8a3d2b04741818c51e5e99cc1742251fa93c", size = 1517714 }
wheels = [
    { url = "https://files.pythonhosted.org/packages/29/16/c8a903f4c4dffe7a12843191437d7cd8e32751d5de349d45d3fe69544e87/pytest-8.4.1-py3-none-any.whl", hash = "sha256:539c70ba6fcead8e78eebbf1115e8b589e7565830d7d006a8723f19ac8a0afb7", size = 365474 },
]

[[package]]
name = "pyyaml"
version = "6.0.2"
source = { registry = "https://pypi.org/simple" }
sdist = { url = "https://files.pythonhosted.org/packages/54/ed/79a089b6be93607fa5cdaedf301d7dfb23af5f25c398d5ead2525b063e17/pyyaml-6.0.2.tar.gz", hash = "sha256:d584d9ec91ad65861cc08d42e834324ef890a082e591037abe114850ff7bbc3e", size = 130631 }
wheels = [
    { url = "https://files.pythonhosted.org/packages/86/0c/c581167fc46d6d6d7ddcfb8c843a4de25bdd27e4466938109ca68492292c/PyYAML-6.0.2-cp312-cp312-macosx_10_9_x86_64.whl", hash = "sha256:c70c95198c015b85feafc136515252a261a84561b7b1d51e3384e0655ddf25ab", size = 183873 },
    { url = "https://files.pythonhosted.org/packages/a8/0c/38374f5bb272c051e2a69281d71cba6fdb983413e6758b84482905e29a5d/PyYAML-6.0.2-cp312-cp312-macosx_11_0_arm64.whl", hash = "sha256:ce826d6ef20b1bc864f0a68340c8b3287705cae2f8b4b1d932177dcc76721725", size = 173302 },
    { url = "https://files.pythonhosted.org/packages/c3/93/9916574aa8c00aa06bbac729972eb1071d002b8e158bd0e83a3b9a20a1f7/PyYAML-6.0.2-cp312-cp312-manylinux_2_17_aarch64.manylinux2014_aarch64.whl", hash = "sha256:1f71ea527786de97d1a0cc0eacd1defc0985dcf6b3f17bb77dcfc8c34bec4dc5", size = 739154 },
    { url = "https://files.pythonhosted.org/packages/95/0f/b8938f1cbd09739c6da569d172531567dbcc9789e0029aa070856f123984/PyYAML-6.0.2-cp312-cp312-manylinux_2_17_s390x.manylinux2014_s390x.whl", hash = "sha256:9b22676e8097e9e22e36d6b7bda33190d0d400f345f23d4065d48f4ca7ae0425", size = 766223 },
    { url = "https://files.pythonhosted.org/packages/b9/2b/614b4752f2e127db5cc206abc23a8c19678e92b23c3db30fc86ab731d3bd/PyYAML-6.0.2-cp312-cp312-manylinux_2_17_x86_64.manylinux2014_x86_64.whl", hash = "sha256:80bab7bfc629882493af4aa31a4cfa43a4c57c83813253626916b8c7ada83476", size = 767542 },
    { url = "https://files.pythonhosted.org/packages/d4/00/dd137d5bcc7efea1836d6264f049359861cf548469d18da90cd8216cf05f/PyYAML-6.0.2-cp312-cp312-musllinux_1_1_aarch64.whl", hash = "sha256:0833f8694549e586547b576dcfaba4a6b55b9e96098b36cdc7ebefe667dfed48", size = 731164 },
    { url = "https://files.pythonhosted.org/packages/c9/1f/4f998c900485e5c0ef43838363ba4a9723ac0ad73a9dc42068b12aaba4e4/PyYAML-6.0.2-cp312-cp312-musllinux_1_1_x86_64.whl", hash = "sha256:8b9c7197f7cb2738065c481a0461e50ad02f18c78cd75775628afb4d7137fb3b", size = 756611 },
    { url = "https://files.pythonhosted.org/packages/df/d1/f5a275fdb252768b7a11ec63585bc38d0e87c9e05668a139fea92b80634c/PyYAML-6.0.2-cp312-cp312-win32.whl", hash = "sha256:ef6107725bd54b262d6dedcc2af448a266975032bc85ef0172c5f059da6325b4", size = 140591 },
    { url = "https://files.pythonhosted.org/packages/0c/e8/4f648c598b17c3d06e8753d7d13d57542b30d56e6c2dedf9c331ae56312e/PyYAML-6.0.2-cp312-cp312-win_amd64.whl", hash = "sha256:7e7401d0de89a9a855c839bc697c079a4af81cf878373abd7dc625847d25cbd8", size = 156338 },
    { url = "https://files.pythonhosted.org/packages/ef/e3/3af305b830494fa85d95f6d95ef7fa73f2ee1cc8ef5b495c7c3269fb835f/PyYAML-6.0.2-cp313-cp313-macosx_10_13_x86_64.whl", hash = "sha256:efdca5630322a10774e8e98e1af481aad470dd62c3170801852d752aa7a783ba", size = 181309 },
    { url = "https://files.pythonhosted.org/packages/45/9f/3b1c20a0b7a3200524eb0076cc027a970d320bd3a6592873c85c92a08731/PyYAML-6.0.2-cp313-cp313-macosx_11_0_arm64.whl", hash = "sha256:50187695423ffe49e2deacb8cd10510bc361faac997de9efef88badc3bb9e2d1", size = 171679 },
    { url = "https://files.pythonhosted.org/packages/7c/9a/337322f27005c33bcb656c655fa78325b730324c78620e8328ae28b64d0c/PyYAML-6.0.2-cp313-cp313-manylinux_2_17_aarch64.manylinux2014_aarch64.whl", hash = "sha256:0ffe8360bab4910ef1b9e87fb812d8bc0a308b0d0eef8c8f44e0254ab3b07133", size = 733428 },
    { url = "https://files.pythonhosted.org/packages/a3/69/864fbe19e6c18ea3cc196cbe5d392175b4cf3d5d0ac1403ec3f2d237ebb5/PyYAML-6.0.2-cp313-cp313-manylinux_2_17_s390x.manylinux2014_s390x.whl", hash = "sha256:17e311b6c678207928d649faa7cb0d7b4c26a0ba73d41e99c4fff6b6c3276484", size = 763361 },
    { url = "https://files.pythonhosted.org/packages/04/24/b7721e4845c2f162d26f50521b825fb061bc0a5afcf9a386840f23ea19fa/PyYAML-6.0.2-cp313-cp313-manylinux_2_17_x86_64.manylinux2014_x86_64.whl", hash = "sha256:70b189594dbe54f75ab3a1acec5f1e3faa7e8cf2f1e08d9b561cb41b845f69d5", size = 759523 },
    { url = "https://files.pythonhosted.org/packages/2b/b2/e3234f59ba06559c6ff63c4e10baea10e5e7df868092bf9ab40e5b9c56b6/PyYAML-6.0.2-cp313-cp313-musllinux_1_1_aarch64.whl", hash = "sha256:41e4e3953a79407c794916fa277a82531dd93aad34e29c2a514c2c0c5fe971cc", size = 726660 },
    { url = "https://files.pythonhosted.org/packages/fe/0f/25911a9f080464c59fab9027482f822b86bf0608957a5fcc6eaac85aa515/PyYAML-6.0.2-cp313-cp313-musllinux_1_1_x86_64.whl", hash = "sha256:68ccc6023a3400877818152ad9a1033e3db8625d899c72eacb5a668902e4d652", size = 751597 },
    { url = "https://files.pythonhosted.org/packages/14/0d/e2c3b43bbce3cf6bd97c840b46088a3031085179e596d4929729d8d68270/PyYAML-6.0.2-cp313-cp313-win32.whl", hash = "sha256:bc2fa7c6b47d6bc618dd7fb02ef6fdedb1090ec036abab80d4681424b84c1183", size = 140527 },
    { url = "https://files.pythonhosted.org/packages/fa/de/02b54f42487e3d3c6efb3f89428677074ca7bf43aae402517bc7cca949f3/PyYAML-6.0.2-cp313-cp313-win_amd64.whl", hash = "sha256:8388ee1976c416731879ac16da0aff3f63b286ffdd57cdeb95f3f2e085687563", size = 156446 },
]

[[package]]
name = "rlt2025"
version = "0.1.0"
source = { editable = "." }
dependencies = [
    { name = "pyyaml" },
    { name = "tcod" },
]

[package.dev-dependencies]
dev = [
    { name = "pytest" },
    { name = "ruff" },
]

[package.metadata]
requires-dist = [
    { name = "pyyaml", specifier = ">=6.0" },
    { name = "tcod", specifier = ">=19.3.0" },
]

[package.metadata.requires-dev]
dev = [
    { name = "pytest", specifier = ">=8.4.1" },
    { name = "ruff", specifier = ">=0.12.7" },
]

[[package]]
name = "ruff"
version = "0.12.7"
source = { registry = "https://pypi.org/simple" }
sdist = { url = "https://files.pythonhosted.org/packages/a1/81/0bd3594fa0f690466e41bd033bdcdf86cba8288345ac77ad4afbe5ec743a/ruff-0.12.7.tar.gz", hash = "sha256:1fc3193f238bc2d7968772c82831a4ff69252f673be371fb49663f0068b7ec71", size = 5197814 }
wheels = [
    { url = "https://files.pythonhosted.org/packages/e1/d2/6cb35e9c85e7a91e8d22ab32ae07ac39cc34a71f1009a6f9e4a2a019e602/ruff-0.12.7-py3-none-linux_armv6l.whl", hash = "sha256:76e4f31529899b8c434c3c1dede98c4483b89590e15fb49f2d46183801565303", size = 11852189 },
    { url = "https://files.pythonhosted.org/packages/63/5b/a4136b9921aa84638f1a6be7fb086f8cad0fde538ba76bda3682f2599a2f/ruff-0.12.7-py3-none-macosx_10_12_x86_64.whl", hash = "sha256:789b7a03e72507c54fb3ba6209e4bb36517b90f1a3569ea17084e3fd295500fb", size = 12519389 },
    { url = "https://files.pythonhosted.org/packages/a8/c9/3e24a8472484269b6b1821794141f879c54645a111ded4b6f58f9ab0705f/ruff-0.12.7-py3-none-macosx_11_0_arm64.whl", hash = "sha256:2e1c2a3b8626339bb6369116e7030a4cf194ea48f49b64bb505732a7fce4f4e3", size = 11743384 },
    { url = "https://files.pythonhosted.org/packages/26/7c/458dd25deeb3452c43eaee853c0b17a1e84169f8021a26d500ead77964fd/ruff-0.12.7-py3-none-manylinux_2_17_aarch64.manylinux2014_aarch64.whl", hash = "sha256:32dec41817623d388e645612ec70d5757a6d9c035f3744a52c7b195a57e03860", size = 11943759 },
    { url = "https://files.pythonhosted.org/packages/7f/8b/658798472ef260ca050e400ab96ef7e85c366c39cf3dfbef4d0a46a528b6/ruff-0.12.7-py3-none-manylinux_2_17_armv7l.manylinux2014_armv7l.whl", hash = "sha256:47ef751f722053a5df5fa48d412dbb54d41ab9b17875c6840a58ec63ff0c247c", size = 11654028 },
    { url = "https://files.pythonhosted.org/packages/a8/86/9c2336f13b2a3326d06d39178fd3448dcc7025f82514d1b15816fe42bfe8/ruff-0.12.7-py3-none-manylinux_2_17_i686.manylinux2014_i686.whl", hash = "sha256:a828a5fc25a3efd3e1ff7b241fd392686c9386f20e5ac90aa9234a5faa12c423", size = 13225209 },
    { url = "https://files.pythonhosted.org/packages/76/69/df73f65f53d6c463b19b6b312fd2391dc36425d926ec237a7ed028a90fc1/ruff-0.12.7-py3-none-manylinux_2_17_ppc64.manylinux2014_ppc64.whl", hash = "sha256:5726f59b171111fa6a69d82aef48f00b56598b03a22f0f4170664ff4d8298efb", size = 14182353 },
    { url = "https://files.pythonhosted.org/packages/58/1e/de6cda406d99fea84b66811c189b5ea139814b98125b052424b55d28a41c/ruff-0.12.7-py3-none-manylinux_2_17_ppc64le.manylinux2014_ppc64le.whl", hash = "sha256:74e6f5c04c4dd4aba223f4fe6e7104f79e0eebf7d307e4f9b18c18362124bccd", size = 13631555 },
    { url = "https://files.pythonhosted.org/packages/6f/ae/625d46d5164a6cc9261945a5e89df24457dc8262539ace3ac36c40f0b51e/ruff-0.12.7-py3-none-manylinux_2_17_s390x.manylinux2014_s390x.whl", hash = "sha256:5d0bfe4e77fba61bf2ccadf8cf005d6133e3ce08793bbe870dd1c734f2699a3e", size = 12667556 },
    { url = "https://files.pythonhosted.org/packages/55/bf/9cb1ea5e3066779e42ade8d0cd3d3b0582a5720a814ae1586f85014656b6/ruff-0.12.7-py3-none-manylinux_2_17_x86_64.manylinux2014_x86_64.whl", hash = "sha256:06bfb01e1623bf7f59ea749a841da56f8f653d641bfd046edee32ede7ff6c606", size = 12939784 },
    { url = "https://files.pythonhosted.org/packages/55/7f/7ead2663be5627c04be83754c4f3096603bf5e99ed856c7cd29618c691bd/ruff-0.12.7-py3-none-musllinux_1_2_aarch64.whl", hash = "sha256:e41df94a957d50083fd09b916d6e89e497246698c3f3d5c681c8b3e7b9bb4ac8", size = 11771356 },
    { url = "https://files.pythonhosted.org/packages/17/40/a95352ea16edf78cd3a938085dccc55df692a4d8ba1b3af7accbe2c806b0/ruff-0.12.7-py3-none-musllinux_1_2_armv7l.whl", hash = "sha256:4000623300563c709458d0ce170c3d0d788c23a058912f28bbadc6f905d67afa", size = 11612124 },
    { url = "https://files.pythonhosted.org/packages/4d/74/633b04871c669e23b8917877e812376827c06df866e1677f15abfadc95cb/ruff-0.12.7-py3-none-musllinux_1_2_i686.whl", hash = "sha256:69ffe0e5f9b2cf2b8e289a3f8945b402a1b19eff24ec389f45f23c42a3dd6fb5", size = 12479945 },
    { url = "https://files.pythonhosted.org/packages/be/34/c3ef2d7799c9778b835a76189c6f53c179d3bdebc8c65288c29032e03613/ruff-0.12.7-py3-none-musllinux_1_2_x86_64.whl", hash = "sha256:a07a5c8ffa2611a52732bdc67bf88e243abd84fe2d7f6daef3826b59abbfeda4", size = 12998677 },
    { url = "https://files.pythonhosted.org/packages/77/ab/aca2e756ad7b09b3d662a41773f3edcbd262872a4fc81f920dc1ffa44541/ruff-0.12.7-py3-none-win32.whl", hash = "sha256:c928f1b2ec59fb77dfdf70e0419408898b63998789cc98197e15f560b9e77f77", size = 11756687 },
    { url = "https://files.pythonhosted.org/packages/b4/71/26d45a5042bc71db22ddd8252ca9d01e9ca454f230e2996bb04f16d72799/ruff-0.12.7-py3-none-win_amd64.whl", hash = "sha256:9c18f3d707ee9edf89da76131956aba1270c6348bfee8f6c647de841eac7194f", size = 12912365 },
    { url = "https://files.pythonhosted.org/packages/4c/9b/0b8aa09817b63e78d94b4977f18b1fcaead3165a5ee49251c5d5c245bb2d/ruff-0.12.7-py3-none-win_arm64.whl", hash = "sha256:dfce05101dbd11833a0776716d5d1578641b7fddb537fe7fa956ab85d1769b69", size = 11982083 },
]

[[package]]
name = "tcod"
version = "19.3.0"
source = { registry = "https://pypi.org/simple" }
dependencies = [
    { name = "cffi" },
    { name = "numpy", marker = "implementation_name != 'pypy'" },
    { name = "typing-extensions" },
]
sdist = { url = "https://files.pythonhosted.org/packages/48/0e/6c913e6829caa4eba01a2db18338d24a42033168cfe6727d9283bacc4e35/tcod-19.3.0.tar.gz", hash = "sha256:620b0be8a547671b17342c2f16e6fd0c9592fb344d41cf7d0af3368ef1cf9077", size = 847870 }
wheels = [
    { url = "https://files.pythonhosted.org/packages/3d/f1/17299e1ed50994b24b336b187b8fd8fb1d544ac497b345a887207a425ff7/tcod-19.3.0-cp310-abi3-macosx_10_13_universal2.whl", hash = "sha256:b895fed679cac83c86860084cd9d1349b444f1fa42a8becdbcc6b8305d60361d", size = 3874657 },
    { url = "https://files.pythonhosted.org/packages/46/92/682e077b22110412a5a6aec3f45cd48eaa643bc6d21b6c69e1b3c366c5b0/tcod-19.3.0-cp310-abi3-manylinux_2_27_aarch64.manylinux_2_28_aarch64.whl", hash = "sha256:e21bb8d00707c47451216c331af4b40edf75aca42b729fd436ea46b1c1b314d2", size = 8268239 },
    { url = "https://files.pythonhosted.org/packages/43/a8/7ee55f298b89f9b83f94e6ec0b8ec5073b5c24cd6b7be44c4f831bd7bc10/tcod-19.3.0-cp310-abi3-manylinux_2_27_x86_64.manylinux_2_28_x86_64.whl", hash = "sha256:327b59d34e3ba948c260b728c0bc4ad031762da566e0f874924c34d154b3ce1b", size = 8608176 },
    { url = "https://files.pythonhosted.org/packages/39/c1/4fdfc9ad3b44396ac1a6ab6d737517e1ea65c7cb73a7a4900b01e8007a4e/tcod-19.3.0-cp310-abi3-win32.whl", hash = "sha256:77caf8c1f95d9a2bccf3e4426e9dc87dc032fe0120cf96f19337074abf09f4a9", size = 1604693 },
    { url = "https://files.pythonhosted.org/packages/20/5f/f64ae80c5ecfb4f268587e6c00edb97b8f05dcfd45388c02500773580656/tcod-19.3.0-cp310-abi3-win_amd64.whl", hash = "sha256:b83f7f7556d39a72c97014cea68fd00393a6409d37252f1bbc3db7c70134999a", size = 1899474 },
]

[[package]]
name = "typing-extensions"
version = "4.14.1"
source = { registry = "https://pypi.org/simple" }
sdist = { url = "https://files.pythonhosted.org/packages/98/5a/da40306b885cc8c09109dc2e1abd358d5684b1425678151cdaed4731c822/typing_extensions-4.14.1.tar.gz", hash = "sha256:38b39f4aeeab64884ce9f74c94263ef78f3c22467c8724005483154c26648d36", size = 107673 }
wheels = [
    { url = "https://files.pythonhosted.org/packages/b5/00/d631e67a838026495268c2f6884f3711a15a9a2a96cd244fdaea53b823fb/typing_extensions-4.14.1-py3-none-any.whl", hash = "sha256:d1e1e3b58374dc93031d6eda2420a48ea44a36c2b4766a4fdeb3710755731d76", size = 43906 },
]
